
Microsoft Visual Studio Solution File, Format Version 12.00
# Visual Studio Version 17
VisualStudioVersion = 17.10.35201.131
MinimumVisualStudioVersion = 10.0.40219.1
Project("{FAE04EC0-301F-11D3-BF4B-00C04F79EFBC}") = "Netscaler OTP Admin", "Netscaler OTP Admin.csproj", "{1FC0EB8F-E587-43A1-8DC8-6CA25BFB3AC0}"
EndProject
Global
	GlobalSection(SolutionConfigurationPlatforms) = preSolution
		Debug|Any CPU = Debug|Any CPU
		Release|Any CPU = Release|Any CPU
	EndGlobalSection
	GlobalSection(ProjectConfigurationPlatforms) = postSolution
		{1FC0EB8F-E587-43A1-8DC8-6CA25BFB3AC0}.Debug|Any CPU.ActiveCfg = Debug|Any CPU
		{1FC0EB8F-E587-43A1-8DC8-6CA25BFB3AC0}.Debug|Any CPU.Build.0 = Debug|Any CPU
		{1FC0EB8F-E587-43A1-8DC8-6CA25BFB3AC0}.Release|Any CPU.ActiveCfg = Release|Any CPU
		{1FC0EB8F-E587-43A1-8DC8-6CA25BFB3AC0}.Release|Any CPU.Build.0 = Release|Any CPU
	EndGlobalSection
	GlobalSection(SolutionProperties) = preSolution
		HideSolutionNode = FALSE
	EndGlobalSection
	GlobalSection(ExtensibilityGlobals) = postSolution
		SolutionGuid = {BEC91A3C-A954-4CB8-896D-8202C4A4D8EC}
	EndGlobalSection
EndGlobal
